// !$*UTF8*$!
{
	archiveVersion = 1;
	classes = {
	};
	objectVersion = 50;
	objects = {

/* Begin PBXBuildFile section */
		F592DD63297A589F004D84EB /* PokeTestApp.swift in Sources */ = {isa = PBXBuildFile; fileRef = F592DD62297A589F004D84EB /* PokeTestApp.swift */; };
		F592DD65297A589F004D84EB /* ContentView.swift in Sources */ = {isa = PBXBuildFile; fileRef = F592DD64297A589F004D84EB /* ContentView.swift */; };
		F592DD67297A58A2004D84EB /* Assets.xcassets in Resources */ = {isa = PBXBuildFile; fileRef = F592DD66297A58A2004D84EB /* Assets.xcassets */; };
		F592DD6A297A58A2004D84EB /* Preview Assets.xcassets in Resources */ = {isa = PBXBuildFile; fileRef = F592DD69297A58A2004D84EB /* Preview Assets.xcassets */; };
		F592DD76297A5C72004D84EB /* Helpers.swift in Sources */ = {isa = PBXBuildFile; fileRef = F592DD75297A5C72004D84EB /* Helpers.swift */; };
		F592DD79297A61B4004D84EB /* PokemonModel.swift in Sources */ = {isa = PBXBuildFile; fileRef = F592DD78297A61B4004D84EB /* PokemonModel.swift */; };
		F592DD7C297A6401004D84EB /* ViewModel.swift in Sources */ = {isa = PBXBuildFile; fileRef = F592DD7B297A6401004D84EB /* ViewModel.swift */; };
		F592DD7F297A646A004D84EB /* PokemonManager.swift in Sources */ = {isa = PBXBuildFile; fileRef = F592DD7E297A646A004D84EB /* PokemonManager.swift */; };
		F592DD82297A6DA8004D84EB /* PokemonDetailView.swift in Sources */ = {isa = PBXBuildFile; fileRef = F592DD81297A6DA8004D84EB /* PokemonDetailView.swift */; };
		F592DD84297A70DA004D84EB /* PokemonView.swift in Sources */ = {isa = PBXBuildFile; fileRef = F592DD83297A70DA004D84EB /* PokemonView.swift */; };
/* End PBXBuildFile section */

/* Begin PBXFileReference section */
		F592DD5F297A589F004D84EB /* PokeTest.app */ = {isa = PBXFileReference; explicitFileType = wrapper.application; includeInIndex = 0; path = PokeTest.app; sourceTree = BUILT_PRODUCTS_DIR; };
		F592DD62297A589F004D84EB /* PokeTestApp.swift */ = {isa = PBXFileReference; lastKnownFileType = sourcecode.swift; path = PokeTestApp.swift; sourceTree = "<group>"; };
		F592DD64297A589F004D84EB /* ContentView.swift */ = {isa = PBXFileReference; lastKnownFileType = sourcecode.swift; path = ContentView.swift; sourceTree = "<group>"; };
		F592DD66297A58A2004D84EB /* Assets.xcassets */ = {isa = PBXFileReference; lastKnownFileType = folder.assetcatalog; path = Assets.xcassets; sourceTree = "<group>"; };
		F592DD69297A58A2004D84EB /* Preview Assets.xcassets */ = {isa = PBXFileReference; lastKnownFileType = folder.assetcatalog; path = "Preview Assets.xcassets"; sourceTree = "<group>"; };
		F592DD6B297A58A2004D84EB /* Info.plist */ = {isa = PBXFileReference; lastKnownFileType = text.plist.xml; path = Info.plist; sourceTree = "<group>"; };
		F592DD75297A5C72004D84EB /* Helpers.swift */ = {isa = PBXFileReference; lastKnownFileType = sourcecode.swift; path = Helpers.swift; sourceTree = "<group>"; };
		F592DD78297A61B4004D84EB /* PokemonModel.swift */ = {isa = PBXFileReference; lastKnownFileType = sourcecode.swift; path = PokemonModel.swift; sourceTree = "<group>"; };
		F592DD7B297A6401004D84EB /* ViewModel.swift */ = {isa = PBXFileReference; lastKnownFileType = sourcecode.swift; path = ViewModel.swift; sourceTree = "<group>"; };
		F592DD7E297A646A004D84EB /* PokemonManager.swift */ = {isa = PBXFileReference; lastKnownFileType = sourcecode.swift; path = PokemonManager.swift; sourceTree = "<group>"; };
		F592DD81297A6DA8004D84EB /* PokemonDetailView.swift */ = {isa = PBXFileReference; lastKnownFileType = sourcecode.swift; path = PokemonDetailView.swift; sourceTree = "<group>"; };
		F592DD83297A70DA004D84EB /* PokemonView.swift */ = {isa = PBXFileReference; lastKnownFileType = sourcecode.swift; path = PokemonView.swift; sourceTree = "<group>"; };
		F5BD98D3297CAA060027876F /* readme.md */ = {isa = PBXFileReference; lastKnownFileType = net.daringfireball.markdown; path = readme.md; sourceTree = "<group>"; };
/* End PBXFileReference section */

/* Begin PBXFrameworksBuildPhase section */
		F592DD5C297A589F004D84EB /* Frameworks */ = {
			isa = PBXFrameworksBuildPhase;
			buildActionMask = 2147483647;
			files = (
			);
			runOnlyForDeploymentPostprocessing = 0;
		};
/* End PBXFrameworksBuildPhase section */

/* Begin PBXGroup section */
		F592DD56297A589F004D84EB = {
			isa = PBXGroup;
			children = (
				F5BD98D3297CAA060027876F /* readme.md */,
				F592DD61297A589F004D84EB /* PokeTest */,
				F592DD60297A589F004D84EB /* Products */,
			);
			sourceTree = "<group>";
		};
		F592DD60297A589F004D84EB /* Products */ = {
			isa = PBXGroup;
			children = (
				F592DD5F297A589F004D84EB /* PokeTest.app */,
			);
			name = Products;
			sourceTree = "<group>";
		};
		F592DD61297A589F004D84EB /* PokeTest */ = {
			isa = PBXGroup;
			children = (
				F592DD62297A589F004D84EB /* PokeTestApp.swift */,
				F592DD74297A5C47004D84EB /* Helpers */,
				F592DD80297A6CD5004D84EB /* Views */,
				F592DD7A297A63CC004D84EB /* ViewModels */,
				F592DD77297A618C004D84EB /* Models */,
				F592DD7D297A643D004D84EB /* Managers */,
				F592DD66297A58A2004D84EB /* Assets.xcassets */,
				F592DD6B297A58A2004D84EB /* Info.plist */,
				F592DD68297A58A2004D84EB /* Preview Content */,
			);
			path = PokeTest;
			sourceTree = "<group>";
		};
		F592DD68297A58A2004D84EB /* Preview Content */ = {
			isa = PBXGroup;
			children = (
				F592DD69297A58A2004D84EB /* Preview Assets.xcassets */,
			);
			path = "Preview Content";
			sourceTree = "<group>";
		};
		F592DD74297A5C47004D84EB /* Helpers */ = {
			isa = PBXGroup;
			children = (
				F592DD75297A5C72004D84EB /* Helpers.swift */,
			);
			path = Helpers;
			sourceTree = "<group>";
		};
		F592DD77297A618C004D84EB /* Models */ = {
			isa = PBXGroup;
			children = (
				F592DD78297A61B4004D84EB /* PokemonModel.swift */,
			);
			path = Models;
			sourceTree = "<group>";
		};
		F592DD7A297A63CC004D84EB /* ViewModels */ = {
			isa = PBXGroup;
			children = (
				F592DD7B297A6401004D84EB /* ViewModel.swift */,
			);
			path = ViewModels;
			sourceTree = "<group>";
		};
		F592DD7D297A643D004D84EB /* Managers */ = {
			isa = PBXGroup;
			children = (
				F592DD7E297A646A004D84EB /* PokemonManager.swift */,
			);
			path = Managers;
			sourceTree = "<group>";
		};
		F592DD80297A6CD5004D84EB /* Views */ = {
			isa = PBXGroup;
			children = (
				F592DD64297A589F004D84EB /* ContentView.swift */,
				F592DD81297A6DA8004D84EB /* PokemonDetailView.swift */,
				F592DD83297A70DA004D84EB /* PokemonView.swift */,
			);
			path = Views;
			sourceTree = "<group>";
		};
/* End PBXGroup section */

/* Begin PBXNativeTarget section */
		F592DD5E297A589F004D84EB /* PokeTest */ = {
			isa = PBXNativeTarget;
			buildConfigurationList = F592DD6E297A58A2004D84EB /* Build configuration list for PBXNativeTarget "PokeTest" */;
			buildPhases = (
				F592DD5B297A589F004D84EB /* Sources */,
				F592DD5C297A589F004D84EB /* Frameworks */,
				F592DD5D297A589F004D84EB /* Resources */,
			);
			buildRules = (
			);
			dependencies = (
			);
			name = PokeTest;
			productName = PokeTest;
			productReference = F592DD5F297A589F004D84EB /* PokeTest.app */;
			productType = "com.apple.product-type.application";
		};
/* End PBXNativeTarget section */

/* Begin PBXProject section */
		F592DD57297A589F004D84EB /* Project object */ = {
			isa = PBXProject;
			attributes = {
				LastSwiftUpdateCheck = 1250;
				LastUpgradeCheck = 1250;
				TargetAttributes = {
					F592DD5E297A589F004D84EB = {
						CreatedOnToolsVersion = 12.5.1;
					};
				};
			};
			buildConfigurationList = F592DD5A297A589F004D84EB /* Build configuration list for PBXProject "PokeTest" */;
			compatibilityVersion = "Xcode 9.3";
			developmentRegion = en;
			hasScannedForEncodings = 0;
			knownRegions = (
				en,
				Base,
			);
			mainGroup = F592DD56297A589F004D84EB;
			productRefGroup = F592DD60297A589F004D84EB /* Products */;
			projectDirPath = "";
			projectRoot = "";
			targets = (
				F592DD5E297A589F004D84EB /* PokeTest */,
			);
		};
/* End PBXProject section */

/* Begin PBXResourcesBuildPhase section */
		F592DD5D297A589F004D84EB /* Resources */ = {
			isa = PBXResourcesBuildPhase;
			buildActionMask = 2147483647;
			files = (
				F592DD6A297A58A2004D84EB /* Preview Assets.xcassets in Resources */,
				F592DD67297A58A2004D84EB /* Assets.xcassets in Resources */,
			);
			runOnlyForDeploymentPostprocessing = 0;
		};
/* End PBXResourcesBuildPhase section */

/* Begin PBXSourcesBuildPhase section */
		F592DD5B297A589F004D84EB /* Sources */ = {
			isa = PBXSourcesBuildPhase;
			buildActionMask = 2147483647;
			files = (
				F592DD84297A70DA004D84EB /* PokemonView.swift in Sources */,
				F592DD7C297A6401004D84EB /* ViewModel.swift in Sources */,
				F592DD7F297A646A004D84EB /* PokemonManager.swift in Sources */,
				F592DD65297A589F004D84EB /* ContentView.swift in Sources */,
				F592DD76297A5C72004D84EB /* Helpers.swift in Sources */,
				F592DD63297A589F004D84EB /* PokeTestApp.swift in Sources */,
				F592DD82297A6DA8004D84EB /* PokemonDetailView.swift in Sources */,
				F592DD79297A61B4004D84EB /* PokemonModel.swift in Sources */,
			);
			runOnlyForDeploymentPostprocessing = 0;
		};
/* End PBXSourcesBuildPhase section */

/* Begin XCBuildConfiguration section */
		F592DD6C297A58A2004D84EB /* Debug */ = {
			isa = XCBuildConfiguration;
			buildSettings = {
				ALWAYS_SEARCH_USER_PATHS = NO;
				CLANG_ANALYZER_NONNULL = YES;
				CLANG_ANALYZER_NUMBER_OBJECT_CONVERSION = YES_AGGRESSIVE;
				CLANG_CXX_LANGUAGE_STANDARD = "gnu++14";
				CLANG_CXX_LIBRARY = "libc++";
				CLANG_ENABLE_MODULES = YES;
				CLANG_ENABLE_OBJC_ARC = YES;
				CLANG_ENABLE_OBJC_WEAK = YES;
				CLANG_WARN_BLOCK_CAPTURE_AUTORELEASING = YES;
				CLANG_WARN_BOOL_CONVERSION = YES;
				CLANG_WARN_COMMA = YES;
				CLANG_WARN_CONSTANT_CONVERSION = YES;
				CLANG_WARN_DEPRECATED_OBJC_IMPLEMENTATIONS = YES;
				CLANG_WARN_DIRECT_OBJC_ISA_USAGE = YES_ERROR;
				CLANG_WARN_DOCUMENTATION_COMMENTS = YES;
				CLANG_WARN_EMPTY_BODY = YES;
				CLANG_WARN_ENUM_CONVERSION = YES;
				CLANG_WARN_INFINITE_RECURSION = YES;
				CLANG_WARN_INT_CONVERSION = YES;
				CLANG_WARN_NON_LITERAL_NULL_CONVERSION = YES;
				CLANG_WARN_OBJC_IMPLICIT_RETAIN_SELF = YES;
				CLANG_WARN_OBJC_LITERAL_CONVERSION = YES;
				CLANG_WARN_OBJC_ROOT_CLASS = YES_ERROR;
				CLANG_WARN_QUOTED_INCLUDE_IN_FRAMEWORK_HEADER = YES;
				CLANG_WARN_RANGE_LOOP_ANALYSIS = YES;
				CLANG_WARN_STRICT_PROTOTYPES = YES;
				CLANG_WARN_SUSPICIOUS_MOVE = YES;
				CLANG_WARN_UNGUARDED_AVAILABILITY = YES_AGGRESSIVE;
				CLANG_WARN_UNREACHABLE_CODE = YES;
				CLANG_WARN__DUPLICATE_METHOD_MATCH = YES;
				COPY_PHASE_STRIP = NO;
				DEBUG_INFORMATION_FORMAT = dwarf;
				ENABLE_STRICT_OBJC_MSGSEND = YES;
				ENABLE_TESTABILITY = YES;
				GCC_C_LANGUAGE_STANDARD = gnu11;
				GCC_DYNAMIC_NO_PIC = NO;
				GCC_NO_COMMON_BLOCKS = YES;
				GCC_OPTIMIZATION_LEVEL = 0;
				GCC_PREPROCESSOR_DEFINITIONS = (
					"DEBUG=1",
					"$(inherited)",
				);
				GCC_WARN_64_TO_32_BIT_CONVERSION = YES;
				GCC_WARN_ABOUT_RETURN_TYPE = YES_ERROR;
				GCC_WARN_UNDECLARED_SELECTOR = YES;
				GCC_WARN_UNINITIALIZED_AUTOS = YES_AGGRESSIVE;
				GCC_WARN_UNUSED_FUNCTION = YES;
				GCC_WARN_UNUSED_VARIABLE = YES;
				IPHONEOS_DEPLOYMENT_TARGET = 14.5;
				MTL_ENABLE_DEBUG_INFO = INCLUDE_SOURCE;
				MTL_FAST_MATH = YES;
				ONLY_ACTIVE_ARCH = YES;
				SDKROOT = iphoneos;
				SWIFT_ACTIVE_COMPILATION_CONDITIONS = DEBUG;
				SWIFT_OPTIMIZATION_LEVEL = "-Onone";
			};
			name = Debug;
		};
		F592DD6D297A58A2004D84EB /* Release */ = {
			isa = XCBuildConfiguration;
			buildSettings = {
				ALWAYS_SEARCH_USER_PATHS = NO;
				CLANG_ANALYZER_NONNULL = YES;
				CLANG_ANALYZER_NUMBER_OBJECT_CONVERSION = YES_AGGRESSIVE;
				CLANG_CXX_LANGUAGE_STANDARD = "gnu++14";
				CLANG_CXX_LIBRARY = "libc++";
				CLANG_ENABLE_MODULES = YES;
				CLANG_ENABLE_OBJC_ARC = YES;
				CLANG_ENABLE_OBJC_WEAK = YES;
				CLANG_WARN_BLOCK_CAPTURE_AUTORELEASING = YES;
				CLANG_WARN_BOOL_CONVERSION = YES;
				CLANG_WARN_COMMA = YES;
				CLANG_WARN_CONSTANT_CONVERSION = YES;
				CLANG_WARN_DEPRECATED_OBJC_IMPLEMENTATIONS = YES;
				CLANG_WARN_DIRECT_OBJC_ISA_USAGE = YES_ERROR;
				CLANG_WARN_DOCUMENTATION_COMMENTS = YES;
				CLANG_WARN_EMPTY_BODY = YES;
				CLANG_WARN_ENUM_CONVERSION = YES;
				CLANG_WARN_INFINITE_RECURSION = YES;
				CLANG_WARN_INT_CONVERSION = YES;
				CLANG_WARN_NON_LITERAL_NULL_CONVERSION = YES;
				CLANG_WARN_OBJC_IMPLICIT_RETAIN_SELF = YES;
				CLANG_WARN_OBJC_LITERAL_CONVERSION = YES;
				CLANG_WARN_OBJC_ROOT_CLASS = YES_ERROR;
				CLANG_WARN_QUOTED_INCLUDE_IN_FRAMEWORK_HEADER = YES;
				CLANG_WARN_RANGE_LOOP_ANALYSIS = YES;
				CLANG_WARN_STRICT_PROTOTYPES = YES;
				CLANG_WARN_SUSPICIOUS_MOVE = YES;
				CLANG_WARN_UNGUARDED_AVAILABILITY = YES_AGGRESSIVE;
				CLANG_WARN_UNREACHABLE_CODE = YES;
				CLANG_WARN__DUPLICATE_METHOD_MATCH = YES;
				COPY_PHASE_STRIP = NO;
				DEBUG_INFORMATION_FORMAT = "dwarf-with-dsym";
				ENABLE_NS_ASSERTIONS = NO;
				ENABLE_STRICT_OBJC_MSGSEND = YES;
				GCC_C_LANGUAGE_STANDARD = gnu11;
				GCC_NO_COMMON_BLOCKS = YES;
				GCC_WARN_64_TO_32_BIT_CONVERSION = YES;
				GCC_WARN_ABOUT_RETURN_TYPE = YES_ERROR;
				GCC_WARN_UNDECLARED_SELECTOR = YES;
				GCC_WARN_UNINITIALIZED_AUTOS = YES_AGGRESSIVE;
				GCC_WARN_UNUSED_FUNCTION = YES;
				GCC_WARN_UNUSED_VARIABLE = YES;
				IPHONEOS_DEPLOYMENT_TARGET = 14.5;
				MTL_ENABLE_DEBUG_INFO = NO;
				MTL_FAST_MATH = YES;
				SDKROOT = iphoneos;
				SWIFT_COMPILATION_MODE = wholemodule;
				SWIFT_OPTIMIZATION_LEVEL = "-O";
				VALIDATE_PRODUCT = YES;
			};
			name = Release;
		};
		F592DD6F297A58A2004D84EB /* Debug */ = {
			isa = XCBuildConfiguration;
			buildSettings = {
				ASSETCATALOG_COMPILER_APPICON_NAME = AppIcon;
				ASSETCATALOG_COMPILER_GLOBAL_ACCENT_COLOR_NAME = AccentColor;
				CODE_SIGN_STYLE = Automatic;
				DEVELOPMENT_ASSET_PATHS = "\"PokeTest/Preview Content\"";
				DEVELOPMENT_TEAM = Z44H5YKH4S;
				ENABLE_PREVIEWS = YES;
				INFOPLIST_FILE = PokeTest/Info.plist;
				IPHONEOS_DEPLOYMENT_TARGET = 15.0;
				LD_RUNPATH_SEARCH_PATHS = (
					"$(inherited)",
					"@executable_path/Frameworks",
				);
				PRODUCT_BUNDLE_IDENTIFIER = com.eramos.PokeTest;
				PRODUCT_NAME = "$(TARGET_NAME)";
				SWIFT_VERSION = 5.0;
				TARGETED_DEVICE_FAMILY = "1,2";
			};
			name = Debug;
		};
		F592DD70297A58A2004D84EB /* Release */ = {
			isa = XCBuildConfiguration;
			buildSettings = {
				ASSETCATALOG_COMPILER_APPICON_NAME = AppIcon;
				ASSETCATALOG_COMPILER_GLOBAL_ACCENT_COLOR_NAME = AccentColor;
				CODE_SIGN_STYLE = Automatic;
				DEVELOPMENT_ASSET_PATHS = "\"PokeTest/Preview Content\"";
				DEVELOPMENT_TEAM = Z44H5YKH4S;
				ENABLE_PREVIEWS = YES;
				INFOPLIST_FILE = PokeTest/Info.plist;
				IPHONEOS_DEPLOYMENT_TARGET = 15.0;
				LD_RUNPATH_SEARCH_PATHS = (
					"$(inherited)",
					"@executable_path/Frameworks",
				);
				PRODUCT_BUNDLE_IDENTIFIER = com.eramos.PokeTest;
				PRODUCT_NAME = "$(TARGET_NAME)";
				SWIFT_VERSION = 5.0;
				TARGETED_DEVICE_FAMILY = "1,2";
			};
			name = Release;
		};
/* End XCBuildConfiguration section */

/* Begin XCConfigurationList section */
		F592DD5A297A589F004D84EB /* Build configuration list for PBXProject "PokeTest" */ = {
			isa = XCConfigurationList;
			buildConfigurations = (
				F592DD6C297A58A2004D84EB /* Debug */,
				F592DD6D297A58A2004D84EB /* Release */,
			);
			defaultConfigurationIsVisible = 0;
			defaultConfigurationName = Release;
		};
		F592DD6E297A58A2004D84EB /* Build configuration list for PBXNativeTarget "PokeTest" */ = {
			isa = XCConfigurationList;
			buildConfigurations = (
				F592DD6F297A58A2004D84EB /* Debug */,
				F592DD70297A58A2004D84EB /* Release */,
			);
			defaultConfigurationIsVisible = 0;
			defaultConfigurationName = Release;
		};
/* End XCConfigurationList section */
	};
	rootObject = F592DD57297A589F004D84EB /* Project object */;
}
